
Microsoft Visual Studio Solution File, Format Version 12.00
# Visual Studio Version 16
VisualStudioVersion = 16.0.29905.134
MinimumVisualStudioVersion = 10.0.40219.1
Project("{FAE04EC0-301F-11D3-BF4B-00C04F79EFBC}") = "HelprAPI", "HelprAPI\HelprAPI.csproj", "{3768A012-D4E8-4584-A494-EE2CABD7E869}"
EndProject
Global
	GlobalSection(SolutionConfigurationPlatforms) = preSolution
		Debug|Any CPU = Debug|Any CPU
		Release|Any CPU = Release|Any CPU
	EndGlobalSection
	GlobalSection(ProjectConfigurationPlatforms) = postSolution
		{3768A012-D4E8-4584-A494-EE2CABD7E869}.Debug|Any CPU.ActiveCfg = Debug|Any CPU
		{3768A012-D4E8-4584-A494-EE2CABD7E869}.Debug|Any CPU.Build.0 = Debug|Any CPU
		{3768A012-D4E8-4584-A494-EE2CABD7E869}.Release|Any CPU.ActiveCfg = Release|Any CPU
		{3768A012-D4E8-4584-A494-EE2CABD7E869}.Release|Any CPU.Build.0 = Release|Any CPU
	EndGlobalSection
	GlobalSection(SolutionProperties) = preSolution
		HideSolutionNode = FALSE
	EndGlobalSection
	GlobalSection(ExtensibilityGlobals) = postSolution
		SolutionGuid = {FB0BEAFF-A7BC-4FB9-BB07-B606B1EDEAE6}
	EndGlobalSection
EndGlobal
